
Microsoft Visual Studio Solution File, Format Version 12.00
# Visual Studio Version 17
VisualStudioVersion = 17.2.32630.192
MinimumVisualStudioVersion = 10.0.40219.1
Project("{9A19103F-16F7-4668-BE54-9A1E7A4F7556}") = "R5T.L0035.Construction", "R5T.L0035.Construction\R5T.L0035.Construction.csproj", "{B8DEFA15-02DB-44B5-82C2-0C80F703FD2B}"
EndProject
Project("{9A19103F-16F7-4668-BE54-9A1E7A4F7556}") = "R5T.L0035", "R5T.L0035\R5T.L0035.csproj", "{3958B43F-4749-40D4-A43A-243DD956300A}"
EndProject
Project("{2150E333-8FDC-42A3-9474-1A3956D46DE8}") = "_Dependencies", "_Dependencies", "{1CC1D820-AC6C-47BF-8B56-44BFEDB4034C}"
EndProject
Project("{9A19103F-16F7-4668-BE54-9A1E7A4F7556}") = "R5T.L0034", "..\..\R5T.L0034\source\R5T.L0034\R5T.L0034.csproj", "{4EBBE7CA-E6BF-4780-ABA1-094CEA5C710F}"
EndProject
Project("{9A19103F-16F7-4668-BE54-9A1E7A4F7556}") = "R5T.F0124", "..\..\R5T.F0124\source\R5T.F0124\R5T.F0124.csproj", "{FC8F2D18-D65B-4045-9843-50D33F5ED5BF}"
EndProject
Project("{9A19103F-16F7-4668-BE54-9A1E7A4F7556}") = "R5T.F0125", "..\..\R5T.F0125\source\R5T.F0125\R5T.F0125.csproj", "{1EF95A3B-D082-47BE-A751-67C150622DF6}"
EndProject
Global
	GlobalSection(SolutionConfigurationPlatforms) = preSolution
		Debug|Any CPU = Debug|Any CPU
		Release|Any CPU = Release|Any CPU
	EndGlobalSection
	GlobalSection(ProjectConfigurationPlatforms) = postSolution
		{B8DEFA15-02DB-44B5-82C2-0C80F703FD2B}.Debug|Any CPU.ActiveCfg = Debug|Any CPU
		{B8DEFA15-02DB-44B5-82C2-0C80F703FD2B}.Debug|Any CPU.Build.0 = Debug|Any CPU
		{B8DEFA15-02DB-44B5-82C2-0C80F703FD2B}.Release|Any CPU.ActiveCfg = Release|Any CPU
		{B8DEFA15-02DB-44B5-82C2-0C80F703FD2B}.Release|Any CPU.Build.0 = Release|Any CPU
		{3958B43F-4749-40D4-A43A-243DD956300A}.Debug|Any CPU.ActiveCfg = Debug|Any CPU
		{3958B43F-4749-40D4-A43A-243DD956300A}.Debug|Any CPU.Build.0 = Debug|Any CPU
		{3958B43F-4749-40D4-A43A-243DD956300A}.Release|Any CPU.ActiveCfg = Release|Any CPU
		{3958B43F-4749-40D4-A43A-243DD956300A}.Release|Any CPU.Build.0 = Release|Any CPU
		{4EBBE7CA-E6BF-4780-ABA1-094CEA5C710F}.Debug|Any CPU.ActiveCfg = Debug|Any CPU
		{4EBBE7CA-E6BF-4780-ABA1-094CEA5C710F}.Debug|Any CPU.Build.0 = Debug|Any CPU
		{4EBBE7CA-E6BF-4780-ABA1-094CEA5C710F}.Release|Any CPU.ActiveCfg = Release|Any CPU
		{4EBBE7CA-E6BF-4780-ABA1-094CEA5C710F}.Release|Any CPU.Build.0 = Release|Any CPU
		{FC8F2D18-D65B-4045-9843-50D33F5ED5BF}.Debug|Any CPU.ActiveCfg = Debug|Any CPU
		{FC8F2D18-D65B-4045-9843-50D33F5ED5BF}.Debug|Any CPU.Build.0 = Debug|Any CPU
		{FC8F2D18-D65B-4045-9843-50D33F5ED5BF}.Release|Any CPU.ActiveCfg = Release|Any CPU
		{FC8F2D18-D65B-4045-9843-50D33F5ED5BF}.Release|Any CPU.Build.0 = Release|Any CPU
		{1EF95A3B-D082-47BE-A751-67C150622DF6}.Debug|Any CPU.ActiveCfg = Debug|Any CPU
		{1EF95A3B-D082-47BE-A751-67C150622DF6}.Debug|Any CPU.Build.0 = Debug|Any CPU
		{1EF95A3B-D082-47BE-A751-67C150622DF6}.Release|Any CPU.ActiveCfg = Release|Any CPU
		{1EF95A3B-D082-47BE-A751-67C150622DF6}.Release|Any CPU.Build.0 = Release|Any CPU
	EndGlobalSection
	GlobalSection(SolutionProperties) = preSolution
		HideSolutionNode = FALSE
	EndGlobalSection
	GlobalSection(NestedProjects) = preSolution
		{4EBBE7CA-E6BF-4780-ABA1-094CEA5C710F} = {1CC1D820-AC6C-47BF-8B56-44BFEDB4034C}
		{FC8F2D18-D65B-4045-9843-50D33F5ED5BF} = {1CC1D820-AC6C-47BF-8B56-44BFEDB4034C}
		{1EF95A3B-D082-47BE-A751-67C150622DF6} = {1CC1D820-AC6C-47BF-8B56-44BFEDB4034C}
	EndGlobalSection
	GlobalSection(ExtensibilityGlobals) = postSolution
		SolutionGuid = {816C78C3-887F-4D67-AD04-962792F53E3C}
	EndGlobalSection
EndGlobal
